{
  "nodes": {
    "catppuccin": {
      "inputs": {
        "nixpkgs": "nixpkgs"
      },
      "locked": {
        "lastModified": 1767967164,
        "narHash": "sha256-Cx4VETh9dGoQYDtWhre7g66d7SAr+h1h6f+SSHxVrck=",
        "owner": "catppuccin",
        "repo": "nix",
        "rev": "e973584280e3b0e1d5b5a1a5e9948dc222c54af7",
        "type": "github"
      },
      "original": {
        "owner": "catppuccin",
        "repo": "nix",
        "type": "github"
      }
    },
    "catppuccin-wallpaper-repo": {
      "flake": false,
      "locked": {
        "lastModified": 1661293434,
        "narHash": "sha256-h+cFlTXvUVJPRMpk32jYVDDhHu1daWSezFcvhJqDpmU=",
        "owner": "zhichaoh",
        "repo": "catppuccin-wallpapers",
        "rev": "1023077979591cdeca76aae94e0359da1707a60e",
        "type": "github"
      },
      "original": {
        "owner": "zhichaoh",
        "repo": "catppuccin-wallpapers",
        "type": "github"
      }
    },
    "flake-compat": {
      "flake": false,
      "locked": {
        "lastModified": 1747046372,
        "narHash": "sha256-CIVLLkVgvHYbgI2UpXvIIBJ12HWgX+fjA8Xf8PUmqCY=",
        "owner": "edolstra",
        "repo": "flake-compat",
        "rev": "9100a0f413b0c601e0533d1d94ffd501ce2e7885",
        "type": "github"
      },
      "original": {
        "owner": "edolstra",
        "repo": "flake-compat",
        "type": "github"
      }
    },
    "flake-parts": {
      "inputs": {
        "nixpkgs-lib": "nixpkgs-lib"
      },
      "locked": {
        "lastModified": 1709336216,
        "narHash": "sha256-Dt/wOWeW6Sqm11Yh+2+t0dfEWxoMxGBvv3JpIocFl9E=",
        "owner": "hercules-ci",
        "repo": "flake-parts",
        "rev": "f7b3c975cf067e56e7cda6cb098ebe3fb4d74ca2",
        "type": "github"
      },
      "original": {
        "id": "flake-parts",
        "type": "indirect"
      }
    },
    "flake-utils": {
      "inputs": {
        "systems": "systems"
      },
      "locked": {
        "lastModified": 1726560853,
        "narHash": "sha256-X6rJYSESBVr3hBoH0WbKE5KvhPU5bloyZ2L4K60/fPQ=",
        "owner": "numtide",
        "repo": "flake-utils",
        "rev": "c1dfcf08411b08f6b8615f7d8971a2bfa81d5e8a",
        "type": "github"
      },
      "original": {
        "owner": "numtide",
        "repo": "flake-utils",
        "type": "github"
      }
    },
    "home-manager": {
      "inputs": {
        "nixpkgs": [
          "nixpkgs"
        ]
      },
      "locked": {
        "lastModified": 1768068402,
        "narHash": "sha256-bAXnnJZKJiF7Xr6eNW6+PhBf1lg2P1aFUO9+xgWkXfA=",
        "owner": "nix-community",
        "repo": "home-manager",
        "rev": "8bc5473b6bc2b6e1529a9c4040411e1199c43b4c",
        "type": "github"
      },
      "original": {
        "owner": "nix-community",
        "repo": "home-manager",
        "type": "github"
      }
    },
    "hyprcursor-phinger": {
      "inputs": {
        "nixpkgs": [
          "nixpkgs"
        ]
      },
      "locked": {
        "lastModified": 1763845612,
        "narHash": "sha256-78zH5GrYa35bEkzeVnl8uXFbZ/zsiSHayjxZlNt+Xe8=",
        "owner": "jappie3",
        "repo": "hyprcursor-phinger",
        "rev": "1207a845501a28e0e00d4a8e935ee0c9cab30650",
        "type": "github"
      },
      "original": {
        "owner": "jappie3",
        "repo": "hyprcursor-phinger",
        "type": "github"
      }
    },
    "lazyvim": {
      "inputs": {
        "nixpkgs": [
          "nixpkgs"
        ]
      },
      "locked": {
        "lastModified": 1763479504,
        "narHash": "sha256-pAFKHyPo2HGU6qaggKLsplFZFyYSgt8nCAba6Qanues=",
        "owner": "JonathanGodar",
        "repo": "LazyVim",
        "rev": "0a4b93445d5ebdfdb46198b5880aa1110c16d4f8",
        "type": "github"
      },
      "original": {
        "owner": "JonathanGodar",
        "repo": "LazyVim",
        "type": "github"
      }
    },
    "nix-index-database": {
      "inputs": {
        "nixpkgs": [
          "nixpkgs"
        ]
      },
      "locked": {
        "lastModified": 1765267181,
        "narHash": "sha256-d3NBA9zEtBu2JFMnTBqWj7Tmi7R5OikoU2ycrdhQEws=",
        "owner": "nix-community",
        "repo": "nix-index-database",
        "rev": "82befcf7dc77c909b0f2a09f5da910ec95c5b78f",
        "type": "github"
      },
      "original": {
        "owner": "nix-community",
        "repo": "nix-index-database",
        "type": "github"
      }
    },
    "nix-matlab": {
      "inputs": {
        "flake-compat": "flake-compat",
        "nixpkgs": [
          "nixpkgs"
        ]
      },
      "locked": {
        "lastModified": 1754476755,
        "narHash": "sha256-vSF0VMEmPMzwNkrXIZwkhOSYmKES9BaDK/LlEe7/q8E=",
        "owner": "doronbehar",
        "repo": "nix-matlab",
        "rev": "0e9c9fb660f9e1a1e4d59fd083e0212a15b513e2",
        "type": "gitlab"
      },
      "original": {
        "owner": "doronbehar",
        "repo": "nix-matlab",
        "type": "gitlab"
      }
    },
    "nixos-hardware": {
      "locked": {
        "lastModified": 1767185284,
        "narHash": "sha256-ljDBUDpD1Cg5n3mJI81Hz5qeZAwCGxon4kQW3Ho3+6Q=",
        "owner": "NixOS",
        "repo": "nixos-hardware",
        "rev": "40b1a28dce561bea34858287fbb23052c3ee63fe",
        "type": "github"
      },
      "original": {
        "owner": "NixOS",
        "ref": "master",
        "repo": "nixos-hardware",
        "type": "github"
      }
    },
    "nixpkgs": {
      "locked": {
        "lastModified": 1767116409,
        "narHash": "sha256-5vKw92l1GyTnjoLzEagJy5V5mDFck72LiQWZSOnSicw=",
        "owner": "NixOS",
        "repo": "nixpkgs",
        "rev": "cad22e7d996aea55ecab064e84834289143e44a0",
        "type": "github"
      },
      "original": {
        "owner": "NixOS",
        "ref": "nixos-unstable",
        "repo": "nixpkgs",
        "type": "github"
      }
    },
    "nixpkgs-9f41": {
      "locked": {
        "lastModified": 1720031269,
        "narHash": "sha256-rwz8NJZV+387rnWpTYcXaRNvzUSnnF9aHONoJIYmiUQ=",
        "owner": "nixos",
        "repo": "nixpkgs",
        "rev": "9f4128e00b0ae8ec65918efeba59db998750ead6",
        "type": "github"
      },
      "original": {
        "owner": "nixos",
        "repo": "nixpkgs",
        "rev": "9f4128e00b0ae8ec65918efeba59db998750ead6",
        "type": "github"
      }
    },
    "nixpkgs-lib": {
      "locked": {
        "dir": "lib",
        "lastModified": 1709237383,
        "narHash": "sha256-cy6ArO4k5qTx+l5o+0mL9f5fa86tYUX3ozE1S+Txlds=",
        "owner": "NixOS",
        "repo": "nixpkgs",
        "rev": "1536926ef5621b09bba54035ae2bb6d806d72ac8",
        "type": "github"
      },
      "original": {
        "dir": "lib",
        "owner": "NixOS",
        "ref": "nixos-unstable",
        "repo": "nixpkgs",
        "type": "github"
      }
    },
    "nixpkgs_2": {
      "locked": {
        "lastModified": 1767892417,
        "narHash": "sha256-dhhvQY67aboBk8b0/u0XB6vwHdgbROZT3fJAjyNh5Ww=",
        "owner": "nixos",
        "repo": "nixpkgs",
        "rev": "3497aa5c9457a9d88d71fa93a4a8368816fbeeba",
        "type": "github"
      },
      "original": {
        "owner": "nixos",
        "ref": "nixos-unstable",
        "repo": "nixpkgs",
        "type": "github"
      }
    },
    "nixpkgs_3": {
      "locked": {
        "lastModified": 1730958623,
        "narHash": "sha256-JwQZIGSYnRNOgDDoIgqKITrPVil+RMWHsZH1eE1VGN0=",
        "owner": "NixOS",
        "repo": "nixpkgs",
        "rev": "85f7e662eda4fa3a995556527c87b2524b691933",
        "type": "github"
      },
      "original": {
        "owner": "NixOS",
        "ref": "nixpkgs-unstable",
        "repo": "nixpkgs",
        "type": "github"
      }
    },
    "opentablet-ugee": {
      "flake": false,
      "locked": {
        "lastModified": 1717004229,
        "narHash": "sha256-gyGfsW/csaJ24oCDMDe13oTUWgw8JvqFSMFlSd9qC6Y=",
        "owner": "Spencer-Sawyer",
        "repo": "OpenTabletDriver",
        "rev": "2b84e38477bd3a2e8790d96bdbf4bcaae8e49e80",
        "type": "github"
      },
      "original": {
        "owner": "Spencer-Sawyer",
        "repo": "OpenTabletDriver",
        "rev": "2b84e38477bd3a2e8790d96bdbf4bcaae8e49e80",
        "type": "github"
      }
    },
    "rnote-export": {
      "inputs": {
        "flake-utils": "flake-utils",
        "nixpkgs": "nixpkgs_3",
        "rust-overlay": "rust-overlay"
      },
      "locked": {
        "lastModified": 1734385121,
        "narHash": "sha256-TmEXbEmP0NBVlXgz1e1So0XmTH0HK7r1xA4qZue53cA=",
        "owner": "JonathanGodar",
        "repo": "rnote_export",
        "rev": "3ab2665b0524d8e5ed25d9bd460d851b45fb5972",
        "type": "github"
      },
      "original": {
        "owner": "JonathanGodar",
        "repo": "rnote_export",
        "type": "github"
      }
    },
    "root": {
      "inputs": {
        "catppuccin": "catppuccin",
        "catppuccin-wallpaper-repo": "catppuccin-wallpaper-repo",
        "home-manager": "home-manager",
        "hyprcursor-phinger": "hyprcursor-phinger",
        "lazyvim": "lazyvim",
        "nix-index-database": "nix-index-database",
        "nix-matlab": "nix-matlab",
        "nixos-hardware": "nixos-hardware",
        "nixpkgs": "nixpkgs_2",
        "nixpkgs-9f41": "nixpkgs-9f41",
        "opentablet-ugee": "opentablet-ugee",
        "rnote-export": "rnote-export",
        "tmuxSessionX": "tmuxSessionX"
      }
    },
    "rust-overlay": {
      "inputs": {
        "nixpkgs": [
          "rnote-export",
          "nixpkgs"
        ]
      },
      "locked": {
        "lastModified": 1731119076,
        "narHash": "sha256-2eVhmocCZHJlFAz6Mt3EwPdFFVAtGgIySJc1EHQVxcc=",
        "owner": "oxalica",
        "repo": "rust-overlay",
        "rev": "23c4b3ba5f806fcf25d5a3b6b54fa0d07854c032",
        "type": "github"
      },
      "original": {
        "owner": "oxalica",
        "repo": "rust-overlay",
        "type": "github"
      }
    },
    "systems": {
      "locked": {
        "lastModified": 1681028828,
        "narHash": "sha256-Vy1rq5AaRuLzOxct8nz4T6wlgyUR7zLU309k9mBC768=",
        "owner": "nix-systems",
        "repo": "default",
        "rev": "da67096a3b9bf56a91d16901293e51ba5b49a27e",
        "type": "github"
      },
      "original": {
        "owner": "nix-systems",
        "repo": "default",
        "type": "github"
      }
    },
    "tmuxSessionX": {
      "inputs": {
        "flake-parts": "flake-parts",
        "nixpkgs": [
          "nixpkgs"
        ]
      },
      "locked": {
        "lastModified": 1754419178,
        "narHash": "sha256-a/wI6UMQayOfQswIm690ypyT/Lxfbz0Uja21ZbqN3Xk=",
        "owner": "omerxx",
        "repo": "tmux-sessionx",
        "rev": "fe704934f8cec16f07fcb9e722ed868fd769c647",
        "type": "github"
      },
      "original": {
        "owner": "omerxx",
        "repo": "tmux-sessionx",
        "type": "github"
      }
    }
  },
  "root": "root",
  "version": 7
}
